
Microsoft Visual Studio Solution File, Format Version 12.00
# Visual Studio Version 16
VisualStudioVersion = 16.0.29409.12
MinimumVisualStudioVersion = 10.0.40219.1
Project("{9A19103F-16F7-4668-BE54-9A1E7A4F7556}") = "Core", "Core\Core.csproj", "{D255DA69-A56D-4367-8DFB-578517486178}"
EndProject
Project("{9A19103F-16F7-4668-BE54-9A1E7A4F7556}") = "CoreTests", "CoreTests\CoreTests.csproj", "{DD80E934-E9E9-4869-867D-6D5A285CA2A8}"
EndProject
Project("{9A19103F-16F7-4668-BE54-9A1E7A4F7556}") = "HoneyComb.Reflection", "HoneyComb.Reflection\HoneyComb.Reflection.csproj", "{0033096E-287E-4A0D-BEAE-4E7681696549}"
EndProject
Project("{9A19103F-16F7-4668-BE54-9A1E7A4F7556}") = "HoneyComb.Reflection.Tests", "HoneyComb.Reflection.Tests\HoneyComb.Reflection.Tests.csproj", "{689A62B5-B2A2-4622-9A52-C29714B5302B}"
EndProject
Project("{9A19103F-16F7-4668-BE54-9A1E7A4F7556}") = "HoneyComb.TestChamber", "HoneyComb.TestChamber\HoneyComb.TestChamber.csproj", "{2A098D80-798D-4770-9873-B2715C40B5B8}"
EndProject
Project("{9A19103F-16F7-4668-BE54-9A1E7A4F7556}") = "HoneyComb.LiveDataNet", "HoneyComb.LiveDataNet\HoneyComb.LiveDataNet.csproj", "{2CC61505-BED7-4C35-BE87-01978D39727A}"
EndProject
Project("{9A19103F-16F7-4668-BE54-9A1E7A4F7556}") = "HoneyComb.LiveDataNet.Platform.Android", "HoneyComb.LiveDataNet.Platform.Android\HoneyComb.LiveDataNet.Platform.Android.csproj", "{C626086E-1361-4EFB-A49B-3A72ADDBBA2E}"
EndProject
Project("{9A19103F-16F7-4668-BE54-9A1E7A4F7556}") = "HoneyComb.LiveDataNet.Tests", "HoneyComb.LiveDataNet.Tests\HoneyComb.LiveDataNet.Tests.csproj", "{491876D9-A123-4852-90B4-95F9E341376F}"
EndProject
Project("{9A19103F-16F7-4668-BE54-9A1E7A4F7556}") = "HoneyComb.Platform.Android", "HoneyComb.Platform.Android\HoneyComb.Platform.Android.csproj", "{FC6ED07F-0275-4E62-9CEC-90F969AB95E1}"
EndProject
Project("{9A19103F-16F7-4668-BE54-9A1E7A4F7556}") = "HoneyComb.Core", "HoneyComb.Platform.System\HoneyComb.Core.csproj", "{5EF1B911-2E41-4015-8DFC-2416E8BC290A}"
EndProject
Project("{9A19103F-16F7-4668-BE54-9A1E7A4F7556}") = "HoneyComb.Core.Tests", "HoneyComb.Platform.System.Tests\HoneyComb.Core.Tests.csproj", "{C8B7594D-11DC-418C-8B2B-81344B02A68D}"
EndProject
Project("{FAE04EC0-301F-11D3-BF4B-00C04F79EFBC}") = "HoneyComb.Application.AndroidApp", "HoneyComb.Application.AndroidApp\HoneyComb.Application.AndroidApp.csproj", "{2A449FD2-378E-4193-82CC-FAEA71A8AC27}"
EndProject
Global
	GlobalSection(SolutionConfigurationPlatforms) = preSolution
		Debug|Any CPU = Debug|Any CPU
		Release|Any CPU = Release|Any CPU
	EndGlobalSection
	GlobalSection(ProjectConfigurationPlatforms) = postSolution
		{D255DA69-A56D-4367-8DFB-578517486178}.Debug|Any CPU.ActiveCfg = Debug|Any CPU
		{D255DA69-A56D-4367-8DFB-578517486178}.Debug|Any CPU.Build.0 = Debug|Any CPU
		{D255DA69-A56D-4367-8DFB-578517486178}.Release|Any CPU.ActiveCfg = Release|Any CPU
		{D255DA69-A56D-4367-8DFB-578517486178}.Release|Any CPU.Build.0 = Release|Any CPU
		{DD80E934-E9E9-4869-867D-6D5A285CA2A8}.Debug|Any CPU.ActiveCfg = Debug|Any CPU
		{DD80E934-E9E9-4869-867D-6D5A285CA2A8}.Debug|Any CPU.Build.0 = Debug|Any CPU
		{DD80E934-E9E9-4869-867D-6D5A285CA2A8}.Release|Any CPU.ActiveCfg = Release|Any CPU
		{DD80E934-E9E9-4869-867D-6D5A285CA2A8}.Release|Any CPU.Build.0 = Release|Any CPU
		{0033096E-287E-4A0D-BEAE-4E7681696549}.Debug|Any CPU.ActiveCfg = Debug|Any CPU
		{0033096E-287E-4A0D-BEAE-4E7681696549}.Debug|Any CPU.Build.0 = Debug|Any CPU
		{0033096E-287E-4A0D-BEAE-4E7681696549}.Release|Any CPU.ActiveCfg = Release|Any CPU
		{0033096E-287E-4A0D-BEAE-4E7681696549}.Release|Any CPU.Build.0 = Release|Any CPU
		{689A62B5-B2A2-4622-9A52-C29714B5302B}.Debug|Any CPU.ActiveCfg = Debug|Any CPU
		{689A62B5-B2A2-4622-9A52-C29714B5302B}.Debug|Any CPU.Build.0 = Debug|Any CPU
		{689A62B5-B2A2-4622-9A52-C29714B5302B}.Release|Any CPU.ActiveCfg = Release|Any CPU
		{689A62B5-B2A2-4622-9A52-C29714B5302B}.Release|Any CPU.Build.0 = Release|Any CPU
		{2A098D80-798D-4770-9873-B2715C40B5B8}.Debug|Any CPU.ActiveCfg = Debug|Any CPU
		{2A098D80-798D-4770-9873-B2715C40B5B8}.Debug|Any CPU.Build.0 = Debug|Any CPU
		{2A098D80-798D-4770-9873-B2715C40B5B8}.Release|Any CPU.ActiveCfg = Release|Any CPU
		{2A098D80-798D-4770-9873-B2715C40B5B8}.Release|Any CPU.Build.0 = Release|Any CPU
		{2CC61505-BED7-4C35-BE87-01978D39727A}.Debug|Any CPU.ActiveCfg = Debug|Any CPU
		{2CC61505-BED7-4C35-BE87-01978D39727A}.Debug|Any CPU.Build.0 = Debug|Any CPU
		{2CC61505-BED7-4C35-BE87-01978D39727A}.Release|Any CPU.ActiveCfg = Release|Any CPU
		{2CC61505-BED7-4C35-BE87-01978D39727A}.Release|Any CPU.Build.0 = Release|Any CPU
		{C626086E-1361-4EFB-A49B-3A72ADDBBA2E}.Debug|Any CPU.ActiveCfg = Debug|Any CPU
		{C626086E-1361-4EFB-A49B-3A72ADDBBA2E}.Debug|Any CPU.Build.0 = Debug|Any CPU
		{C626086E-1361-4EFB-A49B-3A72ADDBBA2E}.Release|Any CPU.ActiveCfg = Release|Any CPU
		{C626086E-1361-4EFB-A49B-3A72ADDBBA2E}.Release|Any CPU.Build.0 = Release|Any CPU
		{491876D9-A123-4852-90B4-95F9E341376F}.Debug|Any CPU.ActiveCfg = Debug|Any CPU
		{491876D9-A123-4852-90B4-95F9E341376F}.Debug|Any CPU.Build.0 = Debug|Any CPU
		{491876D9-A123-4852-90B4-95F9E341376F}.Release|Any CPU.ActiveCfg = Release|Any CPU
		{491876D9-A123-4852-90B4-95F9E341376F}.Release|Any CPU.Build.0 = Release|Any CPU
		{FC6ED07F-0275-4E62-9CEC-90F969AB95E1}.Debug|Any CPU.ActiveCfg = Debug|Any CPU
		{FC6ED07F-0275-4E62-9CEC-90F969AB95E1}.Debug|Any CPU.Build.0 = Debug|Any CPU
		{FC6ED07F-0275-4E62-9CEC-90F969AB95E1}.Release|Any CPU.ActiveCfg = Release|Any CPU
		{FC6ED07F-0275-4E62-9CEC-90F969AB95E1}.Release|Any CPU.Build.0 = Release|Any CPU
		{5EF1B911-2E41-4015-8DFC-2416E8BC290A}.Debug|Any CPU.ActiveCfg = Debug|Any CPU
		{5EF1B911-2E41-4015-8DFC-2416E8BC290A}.Debug|Any CPU.Build.0 = Debug|Any CPU
		{5EF1B911-2E41-4015-8DFC-2416E8BC290A}.Release|Any CPU.ActiveCfg = Release|Any CPU
		{5EF1B911-2E41-4015-8DFC-2416E8BC290A}.Release|Any CPU.Build.0 = Release|Any CPU
		{C8B7594D-11DC-418C-8B2B-81344B02A68D}.Debug|Any CPU.ActiveCfg = Debug|Any CPU
		{C8B7594D-11DC-418C-8B2B-81344B02A68D}.Debug|Any CPU.Build.0 = Debug|Any CPU
		{C8B7594D-11DC-418C-8B2B-81344B02A68D}.Release|Any CPU.ActiveCfg = Release|Any CPU
		{C8B7594D-11DC-418C-8B2B-81344B02A68D}.Release|Any CPU.Build.0 = Release|Any CPU
		{2A449FD2-378E-4193-82CC-FAEA71A8AC27}.Debug|Any CPU.ActiveCfg = Debug|Any CPU
		{2A449FD2-378E-4193-82CC-FAEA71A8AC27}.Debug|Any CPU.Build.0 = Debug|Any CPU
		{2A449FD2-378E-4193-82CC-FAEA71A8AC27}.Debug|Any CPU.Deploy.0 = Debug|Any CPU
		{2A449FD2-378E-4193-82CC-FAEA71A8AC27}.Release|Any CPU.ActiveCfg = Release|Any CPU
	EndGlobalSection
	GlobalSection(SolutionProperties) = preSolution
		HideSolutionNode = FALSE
	EndGlobalSection
	GlobalSection(ExtensibilityGlobals) = postSolution
		SolutionGuid = {3F453EBC-56AE-4EDB-B655-9C0272B2B605}
	EndGlobalSection
EndGlobal
